
Microsoft Visual Studio Solution File, Format Version 12.00
Project("{FAE04EC0-301F-11D3-BF4B-00C04F79EFBC}") = "DominoChainSolver", "DominoChainSolver.csproj", "{0B1A05FD-A677-45B4-A76B-BE72A3105E03}"
EndProject
Project("{FAE04EC0-301F-11D3-BF4B-00C04F79EFBC}") = "DominoChainSolver.Tests", "..\DominoChainSolver.Tests\DominoChainSolver.Tests.csproj", "{D29DC930-EA08-45F8-902D-82AAECA5EC0A}"
EndProject
Global
	GlobalSection(SolutionConfigurationPlatforms) = preSolution
		Debug|Any CPU = Debug|Any CPU
		Release|Any CPU = Release|Any CPU
	EndGlobalSection
	GlobalSection(ProjectConfigurationPlatforms) = postSolution
		{0B1A05FD-A677-45B4-A76B-BE72A3105E03}.Debug|Any CPU.ActiveCfg = Debug|Any CPU
		{0B1A05FD-A677-45B4-A76B-BE72A3105E03}.Debug|Any CPU.Build.0 = Debug|Any CPU
		{0B1A05FD-A677-45B4-A76B-BE72A3105E03}.Release|Any CPU.ActiveCfg = Release|Any CPU
		{0B1A05FD-A677-45B4-A76B-BE72A3105E03}.Release|Any CPU.Build.0 = Release|Any CPU
		{D29DC930-EA08-45F8-902D-82AAECA5EC0A}.Debug|Any CPU.ActiveCfg = Debug|Any CPU
		{D29DC930-EA08-45F8-902D-82AAECA5EC0A}.Debug|Any CPU.Build.0 = Debug|Any CPU
		{D29DC930-EA08-45F8-902D-82AAECA5EC0A}.Release|Any CPU.ActiveCfg = Release|Any CPU
		{D29DC930-EA08-45F8-902D-82AAECA5EC0A}.Release|Any CPU.Build.0 = Release|Any CPU
	EndGlobalSection
EndGlobal
